// !$*UTF8*$!
{
	archiveVersion = 1;
	classes = {
	};
	objectVersion = 51;
	objects = {

/* Begin PBXBuildFile section */
		480C6634268E84C0003403B6 /* AccountControllerAPI.swift in Sources */ = {isa = PBXBuildFile; fileRef = 480C6631268E84C0003403B6 /* AccountControllerAPI.swift */; };
		480C6635268E84C0003403B6 /* MedicineControllerAPI.swift in Sources */ = {isa = PBXBuildFile; fileRef = 480C6632268E84C0003403B6 /* MedicineControllerAPI.swift */; };
		480C6636268E84C0003403B6 /* UserControllerAPI.swift in Sources */ = {isa = PBXBuildFile; fileRef = 480C6633268E84C0003403B6 /* UserControllerAPI.swift */; };
		480C6647268E84D3003403B6 /* CommonResponseOfListOfUserMedicineDAO.swift in Sources */ = {isa = PBXBuildFile; fileRef = 480C6639268E84D2003403B6 /* CommonResponseOfListOfUserMedicineDAO.swift */; };
		480C6648268E84D3003403B6 /* LoginRequestDTO.swift in Sources */ = {isa = PBXBuildFile; fileRef = 480C663A268E84D2003403B6 /* LoginRequestDTO.swift */; };
		480C6649268E84D3003403B6 /* MedicineDAO.swift in Sources */ = {isa = PBXBuildFile; fileRef = 480C663B268E84D2003403B6 /* MedicineDAO.swift */; };
		480C664A268E84D3003403B6 /* CommonResponseOfListOfMedicineDAO.swift in Sources */ = {isa = PBXBuildFile; fileRef = 480C663C268E84D2003403B6 /* CommonResponseOfListOfMedicineDAO.swift */; };
		480C664B268E84D3003403B6 /* CommonResponseOfUserDTO.swift in Sources */ = {isa = PBXBuildFile; fileRef = 480C663D268E84D2003403B6 /* CommonResponseOfUserDTO.swift */; };
		480C664C268E84D3003403B6 /* CommonResponseOfListOfLogData.swift in Sources */ = {isa = PBXBuildFile; fileRef = 480C663E268E84D2003403B6 /* CommonResponseOfListOfLogData.swift */; };
		480C664D268E84D3003403B6 /* UserMedicineDAO.swift in Sources */ = {isa = PBXBuildFile; fileRef = 480C663F268E84D2003403B6 /* UserMedicineDAO.swift */; };
		480C664E268E84D3003403B6 /* RegisterRequestDTO.swift in Sources */ = {isa = PBXBuildFile; fileRef = 480C6640268E84D2003403B6 /* RegisterRequestDTO.swift */; };
		480C664F268E84D3003403B6 /* AssignUserMedicineRequestDTO.swift in Sources */ = {isa = PBXBuildFile; fileRef = 480C6641268E84D2003403B6 /* AssignUserMedicineRequestDTO.swift */; };
		480C6650268E84D3003403B6 /* UserDTO.swift in Sources */ = {isa = PBXBuildFile; fileRef = 480C6642268E84D2003403B6 /* UserDTO.swift */; };
		480C6651268E84D3003403B6 /* CommonResponseOfListOfUserDTO.swift in Sources */ = {isa = PBXBuildFile; fileRef = 480C6643268E84D2003403B6 /* CommonResponseOfListOfUserDTO.swift */; };
		480C6652268E84D3003403B6 /* CreateMedicineRequestDTO.swift in Sources */ = {isa = PBXBuildFile; fileRef = 480C6644268E84D2003403B6 /* CreateMedicineRequestDTO.swift */; };
		480C6653268E84D3003403B6 /* CommonResponseOfboolean.swift in Sources */ = {isa = PBXBuildFile; fileRef = 480C6645268E84D2003403B6 /* CommonResponseOfboolean.swift */; };
		480C6654268E84D3003403B6 /* LogData.swift in Sources */ = {isa = PBXBuildFile; fileRef = 480C6646268E84D2003403B6 /* LogData.swift */; };
		480D15EB25F7C67100977E95 /* TextRecogVC.swift in Sources */ = {isa = PBXBuildFile; fileRef = 480D15EA25F7C67100977E95 /* TextRecogVC.swift */; };
		480D15EE25F7C68900977E95 /* PreviewView.swift in Sources */ = {isa = PBXBuildFile; fileRef = 480D15ED25F7C68900977E95 /* PreviewView.swift */; };
		481F3B67268C58FA0060F1E8 /* MedicineManager.swift in Sources */ = {isa = PBXBuildFile; fileRef = 481F3B66268C58FA0060F1E8 /* MedicineManager.swift */; };
		481F3B6B268C6C2D0060F1E8 /* NotificationVC.swift in Sources */ = {isa = PBXBuildFile; fileRef = 481F3B6A268C6C2D0060F1E8 /* NotificationVC.swift */; };
		48264DB426825E5400CBC170 /* NewMedicineVC.swift in Sources */ = {isa = PBXBuildFile; fileRef = 48264DB326825E5400CBC170 /* NewMedicineVC.swift */; };
		4842597B2563487C00E29E64 /* AppDelegate.swift in Sources */ = {isa = PBXBuildFile; fileRef = 4842597A2563487C00E29E64 /* AppDelegate.swift */; };
		4842597F2563487C00E29E64 /* ViewController.swift in Sources */ = {isa = PBXBuildFile; fileRef = 4842597E2563487C00E29E64 /* ViewController.swift */; };
		484259822563487C00E29E64 /* Main.storyboard in Resources */ = {isa = PBXBuildFile; fileRef = 484259802563487C00E29E64 /* Main.storyboard */; };
		484259842563487C00E29E64 /* Assets.xcassets in Resources */ = {isa = PBXBuildFile; fileRef = 484259832563487C00E29E64 /* Assets.xcassets */; };
		484259872563487C00E29E64 /* LaunchScreen.storyboard in Resources */ = {isa = PBXBuildFile; fileRef = 484259852563487C00E29E64 /* LaunchScreen.storyboard */; };
		484259922563494100E29E64 /* ScanButton.swift in Sources */ = {isa = PBXBuildFile; fileRef = 484259912563494100E29E64 /* ScanButton.swift */; };
		484259952563495500E29E64 /* ScanImageView.swift in Sources */ = {isa = PBXBuildFile; fileRef = 484259942563495500E29E64 /* ScanImageView.swift */; };
		484259982563496900E29E64 /* OcrTextView.swift in Sources */ = {isa = PBXBuildFile; fileRef = 484259972563496900E29E64 /* OcrTextView.swift */; };
		48516608265F8F6600997E65 /* UIColor.swift in Sources */ = {isa = PBXBuildFile; fileRef = 48516607265F8F6600997E65 /* UIColor.swift */; };
		4851660D265F8FA800997E65 /* SplashVC.swift in Sources */ = {isa = PBXBuildFile; fileRef = 4851660C265F8FA800997E65 /* SplashVC.swift */; };
		48516612265F90FA00997E65 /* Image.swift in Sources */ = {isa = PBXBuildFile; fileRef = 48516611265F90FA00997E65 /* Image.swift */; };
		487866FC25F6B37500DEBEE6 /* LoginVC.swift in Sources */ = {isa = PBXBuildFile; fileRef = 487866FB25F6B37500DEBEE6 /* LoginVC.swift */; };
		4878670125F6B4C300DEBEE6 /* StringExtension.swift in Sources */ = {isa = PBXBuildFile; fileRef = 4878670025F6B4C300DEBEE6 /* StringExtension.swift */; };
		4878670425F6B65F00DEBEE6 /* AlertView.swift in Sources */ = {isa = PBXBuildFile; fileRef = 4878670325F6B65F00DEBEE6 /* AlertView.swift */; };
		4878670725F6B6D000DEBEE6 /* RegisterVC.swift in Sources */ = {isa = PBXBuildFile; fileRef = 4878670625F6B6D000DEBEE6 /* RegisterVC.swift */; };
		4878671425F6BD0400DEBEE6 /* BaseVC.swift in Sources */ = {isa = PBXBuildFile; fileRef = 4878671325F6BD0400DEBEE6 /* BaseVC.swift */; };
		4878673225F6C8C600DEBEE6 /* CodableHelper.swift in Sources */ = {isa = PBXBuildFile; fileRef = 4878671725F6C8C400DEBEE6 /* CodableHelper.swift */; };
		4878673625F6C8C600DEBEE6 /* AlamofireImplementations.swift in Sources */ = {isa = PBXBuildFile; fileRef = 4878671C25F6C8C400DEBEE6 /* AlamofireImplementations.swift */; };
		4878673725F6C8C600DEBEE6 /* APIs.swift in Sources */ = {isa = PBXBuildFile; fileRef = 4878671D25F6C8C400DEBEE6 /* APIs.swift */; };
		4878673825F6C8C600DEBEE6 /* JSONEncodableEncoding.swift in Sources */ = {isa = PBXBuildFile; fileRef = 4878671E25F6C8C500DEBEE6 /* JSONEncodableEncoding.swift */; };
		4878674525F6C8C600DEBEE6 /* JSONValue.swift in Sources */ = {isa = PBXBuildFile; fileRef = 4878672C25F6C8C500DEBEE6 /* JSONValue.swift */; };
		4878674625F6C8C600DEBEE6 /* JSONEncodingHelper.swift in Sources */ = {isa = PBXBuildFile; fileRef = 4878672D25F6C8C500DEBEE6 /* JSONEncodingHelper.swift */; };
		4878674725F6C8C600DEBEE6 /* Extensions.swift in Sources */ = {isa = PBXBuildFile; fileRef = 4878672E25F6C8C500DEBEE6 /* Extensions.swift */; };
		4878674825F6C8C600DEBEE6 /* APIHelper.swift in Sources */ = {isa = PBXBuildFile; fileRef = 4878672F25F6C8C600DEBEE6 /* APIHelper.swift */; };
		4878674925F6C8C600DEBEE6 /* Models.swift in Sources */ = {isa = PBXBuildFile; fileRef = 4878673025F6C8C600DEBEE6 /* Models.swift */; };
		4878674A25F6C8C600DEBEE6 /* Configuration.swift in Sources */ = {isa = PBXBuildFile; fileRef = 4878673125F6C8C600DEBEE6 /* Configuration.swift */; };
		4878674E25F6C92300DEBEE6 /* UserManager.swift in Sources */ = {isa = PBXBuildFile; fileRef = 4878674D25F6C92300DEBEE6 /* UserManager.swift */; };
		4878675125F6C97600DEBEE6 /* Constant.swift in Sources */ = {isa = PBXBuildFile; fileRef = 4878675025F6C97600DEBEE6 /* Constant.swift */; };
		4878675525F6CAD700DEBEE6 /* MedicineListVC.swift in Sources */ = {isa = PBXBuildFile; fileRef = 4878675425F6CAD700DEBEE6 /* MedicineListVC.swift */; };
		4878676125F6CC9C00DEBEE6 /* MedicineCell.swift in Sources */ = {isa = PBXBuildFile; fileRef = 4878676025F6CC9C00DEBEE6 /* MedicineCell.swift */; };
		4878676C25F6D13300DEBEE6 /* TableViewExtension.swift in Sources */ = {isa = PBXBuildFile; fileRef = 4878676B25F6D13300DEBEE6 /* TableViewExtension.swift */; };
		4878676F25F6D4C100DEBEE6 /* DataExtension.swift in Sources */ = {isa = PBXBuildFile; fileRef = 4878676E25F6D4C100DEBEE6 /* DataExtension.swift */; };
		891C67F12C79062F919D09F8 /* Pods_OCRProject.framework in Frameworks */ = {isa = PBXBuildFile; fileRef = B063925F5683D413C650DC44 /* Pods_OCRProject.framework */; };
/* End PBXBuildFile section */

/* Begin PBXFileReference section */
		0EAB1C511C84F768A8B115D6 /* Pods-OCRProject.debug.xcconfig */ = {isa = PBXFileReference; includeInIndex = 1; lastKnownFileType = text.xcconfig; name = "Pods-OCRProject.debug.xcconfig"; path = "Target Support Files/Pods-OCRProject/Pods-OCRProject.debug.xcconfig"; sourceTree = "<group>"; };
		480C6631268E84C0003403B6 /* AccountControllerAPI.swift */ = {isa = PBXFileReference; fileEncoding = 4; lastKnownFileType = sourcecode.swift; path = AccountControllerAPI.swift; sourceTree = "<group>"; };
		480C6632268E84C0003403B6 /* MedicineControllerAPI.swift */ = {isa = PBXFileReference; fileEncoding = 4; lastKnownFileType = sourcecode.swift; path = MedicineControllerAPI.swift; sourceTree = "<group>"; };
		480C6633268E84C0003403B6 /* UserControllerAPI.swift */ = {isa = PBXFileReference; fileEncoding = 4; lastKnownFileType = sourcecode.swift; path = UserControllerAPI.swift; sourceTree = "<group>"; };
		480C6639268E84D2003403B6 /* CommonResponseOfListOfUserMedicineDAO.swift */ = {isa = PBXFileReference; fileEncoding = 4; lastKnownFileType = sourcecode.swift; path = CommonResponseOfListOfUserMedicineDAO.swift; sourceTree = "<group>"; };
		480C663A268E84D2003403B6 /* LoginRequestDTO.swift */ = {isa = PBXFileReference; fileEncoding = 4; lastKnownFileType = sourcecode.swift; path = LoginRequestDTO.swift; sourceTree = "<group>"; };
		480C663B268E84D2003403B6 /* MedicineDAO.swift */ = {isa = PBXFileReference; fileEncoding = 4; lastKnownFileType = sourcecode.swift; path = MedicineDAO.swift; sourceTree = "<group>"; };
		480C663C268E84D2003403B6 /* CommonResponseOfListOfMedicineDAO.swift */ = {isa = PBXFileReference; fileEncoding = 4; lastKnownFileType = sourcecode.swift; path = CommonResponseOfListOfMedicineDAO.swift; sourceTree = "<group>"; };
		480C663D268E84D2003403B6 /* CommonResponseOfUserDTO.swift */ = {isa = PBXFileReference; fileEncoding = 4; lastKnownFileType = sourcecode.swift; path = CommonResponseOfUserDTO.swift; sourceTree = "<group>"; };
		480C663E268E84D2003403B6 /* CommonResponseOfListOfLogData.swift */ = {isa = PBXFileReference; fileEncoding = 4; lastKnownFileType = sourcecode.swift; path = CommonResponseOfListOfLogData.swift; sourceTree = "<group>"; };
		480C663F268E84D2003403B6 /* UserMedicineDAO.swift */ = {isa = PBXFileReference; fileEncoding = 4; lastKnownFileType = sourcecode.swift; path = UserMedicineDAO.swift; sourceTree = "<group>"; };
		480C6640268E84D2003403B6 /* RegisterRequestDTO.swift */ = {isa = PBXFileReference; fileEncoding = 4; lastKnownFileType = sourcecode.swift; path = RegisterRequestDTO.swift; sourceTree = "<group>"; };
		480C6641268E84D2003403B6 /* AssignUserMedicineRequestDTO.swift */ = {isa = PBXFileReference; fileEncoding = 4; lastKnownFileType = sourcecode.swift; path = AssignUserMedicineRequestDTO.swift; sourceTree = "<group>"; };
		480C6642268E84D2003403B6 /* UserDTO.swift */ = {isa = PBXFileReference; fileEncoding = 4; lastKnownFileType = sourcecode.swift; path = UserDTO.swift; sourceTree = "<group>"; };
		480C6643268E84D2003403B6 /* CommonResponseOfListOfUserDTO.swift */ = {isa = PBXFileReference; fileEncoding = 4; lastKnownFileType = sourcecode.swift; path = CommonResponseOfListOfUserDTO.swift; sourceTree = "<group>"; };
		480C6644268E84D2003403B6 /* CreateMedicineRequestDTO.swift */ = {isa = PBXFileReference; fileEncoding = 4; lastKnownFileType = sourcecode.swift; path = CreateMedicineRequestDTO.swift; sourceTree = "<group>"; };
		480C6645268E84D2003403B6 /* CommonResponseOfboolean.swift */ = {isa = PBXFileReference; fileEncoding = 4; lastKnownFileType = sourcecode.swift; path = CommonResponseOfboolean.swift; sourceTree = "<group>"; };
		480C6646268E84D2003403B6 /* LogData.swift */ = {isa = PBXFileReference; fileEncoding = 4; lastKnownFileType = sourcecode.swift; path = LogData.swift; sourceTree = "<group>"; };
		480D15EA25F7C67100977E95 /* TextRecogVC.swift */ = {isa = PBXFileReference; lastKnownFileType = sourcecode.swift; path = TextRecogVC.swift; sourceTree = "<group>"; };
		480D15ED25F7C68900977E95 /* PreviewView.swift */ = {isa = PBXFileReference; fileEncoding = 4; lastKnownFileType = sourcecode.swift; path = PreviewView.swift; sourceTree = "<group>"; };
		481F3B66268C58FA0060F1E8 /* MedicineManager.swift */ = {isa = PBXFileReference; lastKnownFileType = sourcecode.swift; path = MedicineManager.swift; sourceTree = "<group>"; };
		481F3B6A268C6C2D0060F1E8 /* NotificationVC.swift */ = {isa = PBXFileReference; lastKnownFileType = sourcecode.swift; path = NotificationVC.swift; sourceTree = "<group>"; };
		48264DB326825E5400CBC170 /* NewMedicineVC.swift */ = {isa = PBXFileReference; lastKnownFileType = sourcecode.swift; path = NewMedicineVC.swift; sourceTree = "<group>"; };
		484259772563487C00E29E64 /* OCRProject.app */ = {isa = PBXFileReference; explicitFileType = wrapper.application; includeInIndex = 0; path = OCRProject.app; sourceTree = BUILT_PRODUCTS_DIR; };
		4842597A2563487C00E29E64 /* AppDelegate.swift */ = {isa = PBXFileReference; lastKnownFileType = sourcecode.swift; path = AppDelegate.swift; sourceTree = "<group>"; };
		4842597E2563487C00E29E64 /* ViewController.swift */ = {isa = PBXFileReference; lastKnownFileType = sourcecode.swift; path = ViewController.swift; sourceTree = "<group>"; };
		484259812563487C00E29E64 /* Base */ = {isa = PBXFileReference; lastKnownFileType = file.storyboard; name = Base; path = Base.lproj/Main.storyboard; sourceTree = "<group>"; };
		484259832563487C00E29E64 /* Assets.xcassets */ = {isa = PBXFileReference; lastKnownFileType = folder.assetcatalog; path = Assets.xcassets; sourceTree = "<group>"; };
		484259862563487C00E29E64 /* Base */ = {isa = PBXFileReference; lastKnownFileType = file.storyboard; name = Base; path = Base.lproj/LaunchScreen.storyboard; sourceTree = "<group>"; };
		484259882563487C00E29E64 /* Info.plist */ = {isa = PBXFileReference; lastKnownFileType = text.plist.xml; path = Info.plist; sourceTree = "<group>"; };
		484259912563494100E29E64 /* ScanButton.swift */ = {isa = PBXFileReference; lastKnownFileType = sourcecode.swift; path = ScanButton.swift; sourceTree = "<group>"; };
		484259942563495500E29E64 /* ScanImageView.swift */ = {isa = PBXFileReference; lastKnownFileType = sourcecode.swift; path = ScanImageView.swift; sourceTree = "<group>"; };
		484259972563496900E29E64 /* OcrTextView.swift */ = {isa = PBXFileReference; lastKnownFileType = sourcecode.swift; path = OcrTextView.swift; sourceTree = "<group>"; };
		48516607265F8F6600997E65 /* UIColor.swift */ = {isa = PBXFileReference; fileEncoding = 4; lastKnownFileType = sourcecode.swift; path = UIColor.swift; sourceTree = "<group>"; };
		4851660C265F8FA800997E65 /* SplashVC.swift */ = {isa = PBXFileReference; fileEncoding = 4; lastKnownFileType = sourcecode.swift; path = SplashVC.swift; sourceTree = "<group>"; };
		48516611265F90FA00997E65 /* Image.swift */ = {isa = PBXFileReference; fileEncoding = 4; lastKnownFileType = sourcecode.swift; path = Image.swift; sourceTree = "<group>"; };
		487866FB25F6B37500DEBEE6 /* LoginVC.swift */ = {isa = PBXFileReference; lastKnownFileType = sourcecode.swift; path = LoginVC.swift; sourceTree = "<group>"; };
		4878670025F6B4C300DEBEE6 /* StringExtension.swift */ = {isa = PBXFileReference; lastKnownFileType = sourcecode.swift; path = StringExtension.swift; sourceTree = "<group>"; };
		4878670325F6B65F00DEBEE6 /* AlertView.swift */ = {isa = PBXFileReference; lastKnownFileType = sourcecode.swift; path = AlertView.swift; sourceTree = "<group>"; };
		4878670625F6B6D000DEBEE6 /* RegisterVC.swift */ = {isa = PBXFileReference; lastKnownFileType = sourcecode.swift; path = RegisterVC.swift; sourceTree = "<group>"; };
		4878671325F6BD0400DEBEE6 /* BaseVC.swift */ = {isa = PBXFileReference; lastKnownFileType = sourcecode.swift; path = BaseVC.swift; sourceTree = "<group>"; };
		4878671725F6C8C400DEBEE6 /* CodableHelper.swift */ = {isa = PBXFileReference; fileEncoding = 4; lastKnownFileType = sourcecode.swift; path = CodableHelper.swift; sourceTree = "<group>"; };
		4878671C25F6C8C400DEBEE6 /* AlamofireImplementations.swift */ = {isa = PBXFileReference; fileEncoding = 4; lastKnownFileType = sourcecode.swift; path = AlamofireImplementations.swift; sourceTree = "<group>"; };
		4878671D25F6C8C400DEBEE6 /* APIs.swift */ = {isa = PBXFileReference; fileEncoding = 4; lastKnownFileType = sourcecode.swift; path = APIs.swift; sourceTree = "<group>"; };
		4878671E25F6C8C500DEBEE6 /* JSONEncodableEncoding.swift */ = {isa = PBXFileReference; fileEncoding = 4; lastKnownFileType = sourcecode.swift; path = JSONEncodableEncoding.swift; sourceTree = "<group>"; };
		4878672C25F6C8C500DEBEE6 /* JSONValue.swift */ = {isa = PBXFileReference; fileEncoding = 4; lastKnownFileType = sourcecode.swift; path = JSONValue.swift; sourceTree = "<group>"; };
		4878672D25F6C8C500DEBEE6 /* JSONEncodingHelper.swift */ = {isa = PBXFileReference; fileEncoding = 4; lastKnownFileType = sourcecode.swift; path = JSONEncodingHelper.swift; sourceTree = "<group>"; };
		4878672E25F6C8C500DEBEE6 /* Extensions.swift */ = {isa = PBXFileReference; fileEncoding = 4; lastKnownFileType = sourcecode.swift; path = Extensions.swift; sourceTree = "<group>"; };
		4878672F25F6C8C600DEBEE6 /* APIHelper.swift */ = {isa = PBXFileReference; fileEncoding = 4; lastKnownFileType = sourcecode.swift; path = APIHelper.swift; sourceTree = "<group>"; };
		4878673025F6C8C600DEBEE6 /* Models.swift */ = {isa = PBXFileReference; fileEncoding = 4; lastKnownFileType = sourcecode.swift; path = Models.swift; sourceTree = "<group>"; };
		4878673125F6C8C600DEBEE6 /* Configuration.swift */ = {isa = PBXFileReference; fileEncoding = 4; lastKnownFileType = sourcecode.swift; path = Configuration.swift; sourceTree = "<group>"; };
		4878674D25F6C92300DEBEE6 /* UserManager.swift */ = {isa = PBXFileReference; lastKnownFileType = sourcecode.swift; path = UserManager.swift; sourceTree = "<group>"; };
		4878675025F6C97600DEBEE6 /* Constant.swift */ = {isa = PBXFileReference; lastKnownFileType = sourcecode.swift; path = Constant.swift; sourceTree = "<group>"; };
		4878675425F6CAD700DEBEE6 /* MedicineListVC.swift */ = {isa = PBXFileReference; lastKnownFileType = sourcecode.swift; path = MedicineListVC.swift; sourceTree = "<group>"; };
		4878676025F6CC9C00DEBEE6 /* MedicineCell.swift */ = {isa = PBXFileReference; lastKnownFileType = sourcecode.swift; path = MedicineCell.swift; sourceTree = "<group>"; };
		4878676B25F6D13300DEBEE6 /* TableViewExtension.swift */ = {isa = PBXFileReference; lastKnownFileType = sourcecode.swift; path = TableViewExtension.swift; sourceTree = "<group>"; };
		4878676E25F6D4C100DEBEE6 /* DataExtension.swift */ = {isa = PBXFileReference; lastKnownFileType = sourcecode.swift; path = DataExtension.swift; sourceTree = "<group>"; };
		B063925F5683D413C650DC44 /* Pods_OCRProject.framework */ = {isa = PBXFileReference; explicitFileType = wrapper.framework; includeInIndex = 0; path = Pods_OCRProject.framework; sourceTree = BUILT_PRODUCTS_DIR; };
		DAC4B60744C07D710C926DD7 /* Pods-OCRProject.release.xcconfig */ = {isa = PBXFileReference; includeInIndex = 1; lastKnownFileType = text.xcconfig; name = "Pods-OCRProject.release.xcconfig"; path = "Target Support Files/Pods-OCRProject/Pods-OCRProject.release.xcconfig"; sourceTree = "<group>"; };
/* End PBXFileReference section */

/* Begin PBXFrameworksBuildPhase section */
		484259742563487C00E29E64 /* Frameworks */ = {
			isa = PBXFrameworksBuildPhase;
			buildActionMask = 2147483647;
			files = (
				891C67F12C79062F919D09F8 /* Pods_OCRProject.framework in Frameworks */,
			);
			runOnlyForDeploymentPostprocessing = 0;
		};
/* End PBXFrameworksBuildPhase section */

/* Begin PBXGroup section */
		30E8BA4B1FDFBE4CE5F7855D /* Pods */ = {
			isa = PBXGroup;
			children = (
				0EAB1C511C84F768A8B115D6 /* Pods-OCRProject.debug.xcconfig */,
				DAC4B60744C07D710C926DD7 /* Pods-OCRProject.release.xcconfig */,
			);
			path = Pods;
			sourceTree = "<group>";
		};
		480D15E925F7C65C00977E95 /* TextRecogVC */ = {
			isa = PBXGroup;
			children = (
				480D15EA25F7C67100977E95 /* TextRecogVC.swift */,
			);
			path = TextRecogVC;
			sourceTree = "<group>";
		};
		481F3B69268C6C1E0060F1E8 /* NotificationVC */ = {
			isa = PBXGroup;
			children = (
				481F3B6A268C6C2D0060F1E8 /* NotificationVC.swift */,
			);
			path = NotificationVC;
			sourceTree = "<group>";
		};
		48264DB226825E4700CBC170 /* NewMedicine */ = {
			isa = PBXGroup;
			children = (
				48264DB326825E5400CBC170 /* NewMedicineVC.swift */,
			);
			path = NewMedicine;
			sourceTree = "<group>";
		};
		4842596E2563487C00E29E64 = {
			isa = PBXGroup;
			children = (
				484259792563487C00E29E64 /* OCRProject */,
				484259782563487C00E29E64 /* Products */,
				30E8BA4B1FDFBE4CE5F7855D /* Pods */,
				75054D40BA8959C9A85186CC /* Frameworks */,
			);
			sourceTree = "<group>";
		};
		484259782563487C00E29E64 /* Products */ = {
			isa = PBXGroup;
			children = (
				484259772563487C00E29E64 /* OCRProject.app */,
			);
			name = Products;
			sourceTree = "<group>";
		};
		484259792563487C00E29E64 /* OCRProject */ = {
			isa = PBXGroup;
			children = (
				487866FE25F6B45D00DEBEE6 /* Helper */,
				487866C825F6B28C00DEBEE6 /* Network */,
				484259902563493500E29E64 /* Component */,
				487866FA25F6B36400DEBEE6 /* VC */,
				4851660F265F90D400997E65 /* SupportingFiles */,
				484259802563487C00E29E64 /* Main.storyboard */,
				4842597A2563487C00E29E64 /* AppDelegate.swift */,
				484259832563487C00E29E64 /* Assets.xcassets */,
				484259852563487C00E29E64 /* LaunchScreen.storyboard */,
				484259882563487C00E29E64 /* Info.plist */,
			);
			path = OCRProject;
			sourceTree = "<group>";
		};
		484259902563493500E29E64 /* Component */ = {
			isa = PBXGroup;
			children = (
				484259912563494100E29E64 /* ScanButton.swift */,
				484259942563495500E29E64 /* ScanImageView.swift */,
				484259972563496900E29E64 /* OcrTextView.swift */,
				4878670325F6B65F00DEBEE6 /* AlertView.swift */,
				4878671325F6BD0400DEBEE6 /* BaseVC.swift */,
			);
			path = Component;
			sourceTree = "<group>";
		};
		4851660A265F8F9400997E65 /* SplashVC */ = {
			isa = PBXGroup;
			children = (
				4851660C265F8FA800997E65 /* SplashVC.swift */,
			);
			path = SplashVC;
			sourceTree = "<group>";
		};
		4851660F265F90D400997E65 /* SupportingFiles */ = {
			isa = PBXGroup;
			children = (
				48516610265F90E300997E65 /* Asset */,
			);
			path = SupportingFiles;
			sourceTree = "<group>";
		};
		48516610265F90E300997E65 /* Asset */ = {
			isa = PBXGroup;
			children = (
				48516611265F90FA00997E65 /* Image.swift */,
			);
			path = Asset;
			sourceTree = "<group>";
		};
		487866C825F6B28C00DEBEE6 /* Network */ = {
			isa = PBXGroup;
			children = (
				4878671C25F6C8C400DEBEE6 /* AlamofireImplementations.swift */,
				4878672F25F6C8C600DEBEE6 /* APIHelper.swift */,
				4878671825F6C8C400DEBEE6 /* APIs */,
				4878671D25F6C8C400DEBEE6 /* APIs.swift */,
				4878671725F6C8C400DEBEE6 /* CodableHelper.swift */,
				4878673125F6C8C600DEBEE6 /* Configuration.swift */,
				4878672E25F6C8C500DEBEE6 /* Extensions.swift */,
				4878671E25F6C8C500DEBEE6 /* JSONEncodableEncoding.swift */,
				4878672D25F6C8C500DEBEE6 /* JSONEncodingHelper.swift */,
				4878672C25F6C8C500DEBEE6 /* JSONValue.swift */,
				4878671F25F6C8C500DEBEE6 /* Models */,
				4878673025F6C8C600DEBEE6 /* Models.swift */,
			);
			path = Network;
			sourceTree = "<group>";
		};
		487866FA25F6B36400DEBEE6 /* VC */ = {
			isa = PBXGroup;
			children = (
				4851660A265F8F9400997E65 /* SplashVC */,
				4878675325F6CA6300DEBEE6 /* Auth */,
				4878675D25F6CC8B00DEBEE6 /* Medicine */,
				481F3B69268C6C1E0060F1E8 /* NotificationVC */,
				48264DB226825E4700CBC170 /* NewMedicine */,
				480D15E925F7C65C00977E95 /* TextRecogVC */,
				4842597E2563487C00E29E64 /* ViewController.swift */,
			);
			path = VC;
			sourceTree = "<group>";
		};
		487866FE25F6B45D00DEBEE6 /* Helper */ = {
			isa = PBXGroup;
			children = (
				480D15ED25F7C68900977E95 /* PreviewView.swift */,
				4878674C25F6C91800DEBEE6 /* Manager */,
				487866FF25F6B4B700DEBEE6 /* Extension */,
				4878675025F6C97600DEBEE6 /* Constant.swift */,
			);
			path = Helper;
			sourceTree = "<group>";
		};
		487866FF25F6B4B700DEBEE6 /* Extension */ = {
			isa = PBXGroup;
			children = (
				48516607265F8F6600997E65 /* UIColor.swift */,
				4878670025F6B4C300DEBEE6 /* StringExtension.swift */,
				4878676B25F6D13300DEBEE6 /* TableViewExtension.swift */,
				4878676E25F6D4C100DEBEE6 /* DataExtension.swift */,
			);
			path = Extension;
			sourceTree = "<group>";
		};
		4878671825F6C8C400DEBEE6 /* APIs */ = {
			isa = PBXGroup;
			children = (
				480C6631268E84C0003403B6 /* AccountControllerAPI.swift */,
				480C6632268E84C0003403B6 /* MedicineControllerAPI.swift */,
				480C6633268E84C0003403B6 /* UserControllerAPI.swift */,
			);
			path = APIs;
			sourceTree = "<group>";
		};
		4878671F25F6C8C500DEBEE6 /* Models */ = {
			isa = PBXGroup;
			children = (
				480C6641268E84D2003403B6 /* AssignUserMedicineRequestDTO.swift */,
				480C6645268E84D2003403B6 /* CommonResponseOfboolean.swift */,
				480C663E268E84D2003403B6 /* CommonResponseOfListOfLogData.swift */,
				480C663C268E84D2003403B6 /* CommonResponseOfListOfMedicineDAO.swift */,
				480C6643268E84D2003403B6 /* CommonResponseOfListOfUserDTO.swift */,
				480C6639268E84D2003403B6 /* CommonResponseOfListOfUserMedicineDAO.swift */,
				480C663D268E84D2003403B6 /* CommonResponseOfUserDTO.swift */,
				480C6644268E84D2003403B6 /* CreateMedicineRequestDTO.swift */,
				480C6646268E84D2003403B6 /* LogData.swift */,
				480C663A268E84D2003403B6 /* LoginRequestDTO.swift */,
				480C663B268E84D2003403B6 /* MedicineDAO.swift */,
				480C6640268E84D2003403B6 /* RegisterRequestDTO.swift */,
				480C6642268E84D2003403B6 /* UserDTO.swift */,
				480C663F268E84D2003403B6 /* UserMedicineDAO.swift */,
			);
			path = Models;
			sourceTree = "<group>";
		};
		4878674C25F6C91800DEBEE6 /* Manager */ = {
			isa = PBXGroup;
			children = (
				4878674D25F6C92300DEBEE6 /* UserManager.swift */,
				481F3B66268C58FA0060F1E8 /* MedicineManager.swift */,
			);
			path = Manager;
			sourceTree = "<group>";
		};
		4878675325F6CA6300DEBEE6 /* Auth */ = {
			isa = PBXGroup;
			children = (
				487866FB25F6B37500DEBEE6 /* LoginVC.swift */,
				4878670625F6B6D000DEBEE6 /* RegisterVC.swift */,
			);
			path = Auth;
			sourceTree = "<group>";
		};
		4878675D25F6CC8B00DEBEE6 /* Medicine */ = {
			isa = PBXGroup;
			children = (
				4878675425F6CAD700DEBEE6 /* MedicineListVC.swift */,
				4878675F25F6CC9000DEBEE6 /* Cell */,
			);
			path = Medicine;
			sourceTree = "<group>";
		};
		4878675F25F6CC9000DEBEE6 /* Cell */ = {
			isa = PBXGroup;
			children = (
				4878676025F6CC9C00DEBEE6 /* MedicineCell.swift */,
			);
			path = Cell;
			sourceTree = "<group>";
		};
		75054D40BA8959C9A85186CC /* Frameworks */ = {
			isa = PBXGroup;
			children = (
				B063925F5683D413C650DC44 /* Pods_OCRProject.framework */,
			);
			name = Frameworks;
			sourceTree = "<group>";
		};
/* End PBXGroup section */

/* Begin PBXNativeTarget section */
		484259762563487C00E29E64 /* OCRProject */ = {
			isa = PBXNativeTarget;
			buildConfigurationList = 4842598B2563487C00E29E64 /* Build configuration list for PBXNativeTarget "OCRProject" */;
			buildPhases = (
				20AB26C24E0AB400FF2C0748 /* [CP] Check Pods Manifest.lock */,
				484259732563487C00E29E64 /* Sources */,
				484259742563487C00E29E64 /* Frameworks */,
				484259752563487C00E29E64 /* Resources */,
				D7B1C61643FB29D0BBCDB02D /* [CP] Embed Pods Frameworks */,
			);
			buildRules = (
			);
			dependencies = (
			);
			name = OCRProject;
			productName = OCRProject;
			productReference = 484259772563487C00E29E64 /* OCRProject.app */;
			productType = "com.apple.product-type.application";
		};
/* End PBXNativeTarget section */

/* Begin PBXProject section */
		4842596F2563487C00E29E64 /* Project object */ = {
			isa = PBXProject;
			attributes = {
				LastSwiftUpdateCheck = 1210;
				LastUpgradeCheck = 1210;
				TargetAttributes = {
					484259762563487C00E29E64 = {
						CreatedOnToolsVersion = 12.1;
					};
				};
			};
			buildConfigurationList = 484259722563487C00E29E64 /* Build configuration list for PBXProject "OCRProject" */;
			compatibilityVersion = "Xcode 9.3";
			developmentRegion = en;
			hasScannedForEncodings = 0;
			knownRegions = (
				en,
				Base,
			);
			mainGroup = 4842596E2563487C00E29E64;
			productRefGroup = 484259782563487C00E29E64 /* Products */;
			projectDirPath = "";
			projectRoot = "";
			targets = (
				484259762563487C00E29E64 /* OCRProject */,
			);
		};
/* End PBXProject section */

/* Begin PBXResourcesBuildPhase section */
		484259752563487C00E29E64 /* Resources */ = {
			isa = PBXResourcesBuildPhase;
			buildActionMask = 2147483647;
			files = (
				484259872563487C00E29E64 /* LaunchScreen.storyboard in Resources */,
				484259842563487C00E29E64 /* Assets.xcassets in Resources */,
				484259822563487C00E29E64 /* Main.storyboard in Resources */,
			);
			runOnlyForDeploymentPostprocessing = 0;
		};
/* End PBXResourcesBuildPhase section */

/* Begin PBXShellScriptBuildPhase section */
		20AB26C24E0AB400FF2C0748 /* [CP] Check Pods Manifest.lock */ = {
			isa = PBXShellScriptBuildPhase;
			buildActionMask = 2147483647;
			files = (
			);
			inputFileListPaths = (
			);
			inputPaths = (
				"${PODS_PODFILE_DIR_PATH}/Podfile.lock",
				"${PODS_ROOT}/Manifest.lock",
			);
			name = "[CP] Check Pods Manifest.lock";
			outputFileListPaths = (
			);
			outputPaths = (
				"$(DERIVED_FILE_DIR)/Pods-OCRProject-checkManifestLockResult.txt",
			);
			runOnlyForDeploymentPostprocessing = 0;
			shellPath = /bin/sh;
			shellScript = "diff \"${PODS_PODFILE_DIR_PATH}/Podfile.lock\" \"${PODS_ROOT}/Manifest.lock\" > /dev/null\nif [ $? != 0 ] ; then\n    # print error to STDERR\n    echo \"error: The sandbox is not in sync with the Podfile.lock. Run 'pod install' or update your CocoaPods installation.\" >&2\n    exit 1\nfi\n# This output is used by Xcode 'outputs' to avoid re-running this script phase.\necho \"SUCCESS\" > \"${SCRIPT_OUTPUT_FILE_0}\"\n";
			showEnvVarsInLog = 0;
		};
		D7B1C61643FB29D0BBCDB02D /* [CP] Embed Pods Frameworks */ = {
			isa = PBXShellScriptBuildPhase;
			buildActionMask = 2147483647;
			files = (
			);
			inputFileListPaths = (
				"${PODS_ROOT}/Target Support Files/Pods-OCRProject/Pods-OCRProject-frameworks-${CONFIGURATION}-input-files.xcfilelist",
			);
			name = "[CP] Embed Pods Frameworks";
			outputFileListPaths = (
				"${PODS_ROOT}/Target Support Files/Pods-OCRProject/Pods-OCRProject-frameworks-${CONFIGURATION}-output-files.xcfilelist",
			);
			runOnlyForDeploymentPostprocessing = 0;
			shellPath = /bin/sh;
			shellScript = "\"${PODS_ROOT}/Target Support Files/Pods-OCRProject/Pods-OCRProject-frameworks.sh\"\n";
			showEnvVarsInLog = 0;
		};
/* End PBXShellScriptBuildPhase section */

/* Begin PBXSourcesBuildPhase section */
		484259732563487C00E29E64 /* Sources */ = {
			isa = PBXSourcesBuildPhase;
			buildActionMask = 2147483647;
			files = (
				4878673825F6C8C600DEBEE6 /* JSONEncodableEncoding.swift in Sources */,
				480C664D268E84D3003403B6 /* UserMedicineDAO.swift in Sources */,
				4878676125F6CC9C00DEBEE6 /* MedicineCell.swift in Sources */,
				484259922563494100E29E64 /* ScanButton.swift in Sources */,
				480C6647268E84D3003403B6 /* CommonResponseOfListOfUserMedicineDAO.swift in Sources */,
				4878673625F6C8C600DEBEE6 /* AlamofireImplementations.swift in Sources */,
				480C664B268E84D3003403B6 /* CommonResponseOfUserDTO.swift in Sources */,
				4878671425F6BD0400DEBEE6 /* BaseVC.swift in Sources */,
				480C6649268E84D3003403B6 /* MedicineDAO.swift in Sources */,
				480C6648268E84D3003403B6 /* LoginRequestDTO.swift in Sources */,
				480C6634268E84C0003403B6 /* AccountControllerAPI.swift in Sources */,
				480D15EE25F7C68900977E95 /* PreviewView.swift in Sources */,
				480C6650268E84D3003403B6 /* UserDTO.swift in Sources */,
				4878670125F6B4C300DEBEE6 /* StringExtension.swift in Sources */,
				4878670725F6B6D000DEBEE6 /* RegisterVC.swift in Sources */,
				4878674825F6C8C600DEBEE6 /* APIHelper.swift in Sources */,
				480C664F268E84D3003403B6 /* AssignUserMedicineRequestDTO.swift in Sources */,
				4878673225F6C8C600DEBEE6 /* CodableHelper.swift in Sources */,
				480C6651268E84D3003403B6 /* CommonResponseOfListOfUserDTO.swift in Sources */,
				480C6653268E84D3003403B6 /* CommonResponseOfboolean.swift in Sources */,
				4842597F2563487C00E29E64 /* ViewController.swift in Sources */,
				4842597B2563487C00E29E64 /* AppDelegate.swift in Sources */,
				484259952563495500E29E64 /* ScanImageView.swift in Sources */,
				480C6635268E84C0003403B6 /* MedicineControllerAPI.swift in Sources */,
				4878675525F6CAD700DEBEE6 /* MedicineListVC.swift in Sources */,
				4878674525F6C8C600DEBEE6 /* JSONValue.swift in Sources */,
				4878674E25F6C92300DEBEE6 /* UserManager.swift in Sources */,
				48264DB426825E5400CBC170 /* NewMedicineVC.swift in Sources */,
				480C6636268E84C0003403B6 /* UserControllerAPI.swift in Sources */,
				480C664E268E84D3003403B6 /* RegisterRequestDTO.swift in Sources */,
				4878676C25F6D13300DEBEE6 /* TableViewExtension.swift in Sources */,
				480C664C268E84D3003403B6 /* CommonResponseOfListOfLogData.swift in Sources */,
				481F3B67268C58FA0060F1E8 /* MedicineManager.swift in Sources */,
				484259982563496900E29E64 /* OcrTextView.swift in Sources */,
				48516612265F90FA00997E65 /* Image.swift in Sources */,
				4851660D265F8FA800997E65 /* SplashVC.swift in Sources */,
				4878676F25F6D4C100DEBEE6 /* DataExtension.swift in Sources */,
				4878674625F6C8C600DEBEE6 /* JSONEncodingHelper.swift in Sources */,
				48516608265F8F6600997E65 /* UIColor.swift in Sources */,
				480D15EB25F7C67100977E95 /* TextRecogVC.swift in Sources */,
				487866FC25F6B37500DEBEE6 /* LoginVC.swift in Sources */,
				480C6652268E84D3003403B6 /* CreateMedicineRequestDTO.swift in Sources */,
				4878675125F6C97600DEBEE6 /* Constant.swift in Sources */,
				4878670425F6B65F00DEBEE6 /* AlertView.swift in Sources */,
				480C664A268E84D3003403B6 /* CommonResponseOfListOfMedicineDAO.swift in Sources */,
				480C6654268E84D3003403B6 /* LogData.swift in Sources */,
				4878673725F6C8C600DEBEE6 /* APIs.swift in Sources */,
				481F3B6B268C6C2D0060F1E8 /* NotificationVC.swift in Sources */,
				4878674A25F6C8C600DEBEE6 /* Configuration.swift in Sources */,
				4878674725F6C8C600DEBEE6 /* Extensions.swift in Sources */,
				4878674925F6C8C600DEBEE6 /* Models.swift in Sources */,
			);
			runOnlyForDeploymentPostprocessing = 0;
		};
/* End PBXSourcesBuildPhase section */

/* Begin PBXVariantGroup section */
		484259802563487C00E29E64 /* Main.storyboard */ = {
			isa = PBXVariantGroup;
			children = (
				484259812563487C00E29E64 /* Base */,
			);
			name = Main.storyboard;
			sourceTree = "<group>";
		};
		484259852563487C00E29E64 /* LaunchScreen.storyboard */ = {
			isa = PBXVariantGroup;
			children = (
				484259862563487C00E29E64 /* Base */,
			);
			name = LaunchScreen.storyboard;
			sourceTree = "<group>";
		};
/* End PBXVariantGroup section */

/* Begin XCBuildConfiguration section */
		484259892563487C00E29E64 /* Debug */ = {
			isa = XCBuildConfiguration;
			buildSettings = {
				ALWAYS_SEARCH_USER_PATHS = NO;
				CLANG_ANALYZER_NONNULL = YES;
				CLANG_ANALYZER_NUMBER_OBJECT_CONVERSION = YES_AGGRESSIVE;
				CLANG_CXX_LANGUAGE_STANDARD = "gnu++14";
				CLANG_CXX_LIBRARY = "libc++";
				CLANG_ENABLE_MODULES = YES;
				CLANG_ENABLE_OBJC_ARC = YES;
				CLANG_ENABLE_OBJC_WEAK = YES;
				CLANG_WARN_BLOCK_CAPTURE_AUTORELEASING = YES;
				CLANG_WARN_BOOL_CONVERSION = YES;
				CLANG_WARN_COMMA = YES;
				CLANG_WARN_CONSTANT_CONVERSION = YES;
				CLANG_WARN_DEPRECATED_OBJC_IMPLEMENTATIONS = YES;
				CLANG_WARN_DIRECT_OBJC_ISA_USAGE = YES_ERROR;
				CLANG_WARN_DOCUMENTATION_COMMENTS = YES;
				CLANG_WARN_EMPTY_BODY = YES;
				CLANG_WARN_ENUM_CONVERSION = YES;
				CLANG_WARN_INFINITE_RECURSION = YES;
				CLANG_WARN_INT_CONVERSION = YES;
				CLANG_WARN_NON_LITERAL_NULL_CONVERSION = YES;
				CLANG_WARN_OBJC_IMPLICIT_RETAIN_SELF = YES;
				CLANG_WARN_OBJC_LITERAL_CONVERSION = YES;
				CLANG_WARN_OBJC_ROOT_CLASS = YES_ERROR;
				CLANG_WARN_QUOTED_INCLUDE_IN_FRAMEWORK_HEADER = YES;
				CLANG_WARN_RANGE_LOOP_ANALYSIS = YES;
				CLANG_WARN_STRICT_PROTOTYPES = YES;
				CLANG_WARN_SUSPICIOUS_MOVE = YES;
				CLANG_WARN_UNGUARDED_AVAILABILITY = YES_AGGRESSIVE;
				CLANG_WARN_UNREACHABLE_CODE = YES;
				CLANG_WARN__DUPLICATE_METHOD_MATCH = YES;
				COPY_PHASE_STRIP = NO;
				DEBUG_INFORMATION_FORMAT = dwarf;
				ENABLE_STRICT_OBJC_MSGSEND = YES;
				ENABLE_TESTABILITY = YES;
				GCC_C_LANGUAGE_STANDARD = gnu11;
				GCC_DYNAMIC_NO_PIC = NO;
				GCC_NO_COMMON_BLOCKS = YES;
				GCC_OPTIMIZATION_LEVEL = 0;
				GCC_PREPROCESSOR_DEFINITIONS = (
					"DEBUG=1",
					"$(inherited)",
				);
				GCC_WARN_64_TO_32_BIT_CONVERSION = YES;
				GCC_WARN_ABOUT_RETURN_TYPE = YES_ERROR;
				GCC_WARN_UNDECLARED_SELECTOR = YES;
				GCC_WARN_UNINITIALIZED_AUTOS = YES_AGGRESSIVE;
				GCC_WARN_UNUSED_FUNCTION = YES;
				GCC_WARN_UNUSED_VARIABLE = YES;
				IPHONEOS_DEPLOYMENT_TARGET = 13.2;
				MTL_ENABLE_DEBUG_INFO = INCLUDE_SOURCE;
				MTL_FAST_MATH = YES;
				ONLY_ACTIVE_ARCH = YES;
				SDKROOT = iphoneos;
				SWIFT_ACTIVE_COMPILATION_CONDITIONS = DEBUG;
				SWIFT_OPTIMIZATION_LEVEL = "-Onone";
			};
			name = Debug;
		};
		4842598A2563487C00E29E64 /* Release */ = {
			isa = XCBuildConfiguration;
			buildSettings = {
				ALWAYS_SEARCH_USER_PATHS = NO;
				CLANG_ANALYZER_NONNULL = YES;
				CLANG_ANALYZER_NUMBER_OBJECT_CONVERSION = YES_AGGRESSIVE;
				CLANG_CXX_LANGUAGE_STANDARD = "gnu++14";
				CLANG_CXX_LIBRARY = "libc++";
				CLANG_ENABLE_MODULES = YES;
				CLANG_ENABLE_OBJC_ARC = YES;
				CLANG_ENABLE_OBJC_WEAK = YES;
				CLANG_WARN_BLOCK_CAPTURE_AUTORELEASING = YES;
				CLANG_WARN_BOOL_CONVERSION = YES;
				CLANG_WARN_COMMA = YES;
				CLANG_WARN_CONSTANT_CONVERSION = YES;
				CLANG_WARN_DEPRECATED_OBJC_IMPLEMENTATIONS = YES;
				CLANG_WARN_DIRECT_OBJC_ISA_USAGE = YES_ERROR;
				CLANG_WARN_DOCUMENTATION_COMMENTS = YES;
				CLANG_WARN_EMPTY_BODY = YES;
				CLANG_WARN_ENUM_CONVERSION = YES;
				CLANG_WARN_INFINITE_RECURSION = YES;
				CLANG_WARN_INT_CONVERSION = YES;
				CLANG_WARN_NON_LITERAL_NULL_CONVERSION = YES;
				CLANG_WARN_OBJC_IMPLICIT_RETAIN_SELF = YES;
				CLANG_WARN_OBJC_LITERAL_CONVERSION = YES;
				CLANG_WARN_OBJC_ROOT_CLASS = YES_ERROR;
				CLANG_WARN_QUOTED_INCLUDE_IN_FRAMEWORK_HEADER = YES;
				CLANG_WARN_RANGE_LOOP_ANALYSIS = YES;
				CLANG_WARN_STRICT_PROTOTYPES = YES;
				CLANG_WARN_SUSPICIOUS_MOVE = YES;
				CLANG_WARN_UNGUARDED_AVAILABILITY = YES_AGGRESSIVE;
				CLANG_WARN_UNREACHABLE_CODE = YES;
				CLANG_WARN__DUPLICATE_METHOD_MATCH = YES;
				COPY_PHASE_STRIP = NO;
				DEBUG_INFORMATION_FORMAT = "dwarf-with-dsym";
				ENABLE_NS_ASSERTIONS = NO;
				ENABLE_STRICT_OBJC_MSGSEND = YES;
				GCC_C_LANGUAGE_STANDARD = gnu11;
				GCC_NO_COMMON_BLOCKS = YES;
				GCC_WARN_64_TO_32_BIT_CONVERSION = YES;
				GCC_WARN_ABOUT_RETURN_TYPE = YES_ERROR;
				GCC_WARN_UNDECLARED_SELECTOR = YES;
				GCC_WARN_UNINITIALIZED_AUTOS = YES_AGGRESSIVE;
				GCC_WARN_UNUSED_FUNCTION = YES;
				GCC_WARN_UNUSED_VARIABLE = YES;
				IPHONEOS_DEPLOYMENT_TARGET = 13.2;
				MTL_ENABLE_DEBUG_INFO = NO;
				MTL_FAST_MATH = YES;
				SDKROOT = iphoneos;
				SWIFT_COMPILATION_MODE = wholemodule;
				SWIFT_OPTIMIZATION_LEVEL = "-O";
				VALIDATE_PRODUCT = YES;
			};
			name = Release;
		};
		4842598C2563487C00E29E64 /* Debug */ = {
			isa = XCBuildConfiguration;
			baseConfigurationReference = 0EAB1C511C84F768A8B115D6 /* Pods-OCRProject.debug.xcconfig */;
			buildSettings = {
				ASSETCATALOG_COMPILER_APPICON_NAME = AppIcon;
				ASSETCATALOG_COMPILER_GLOBAL_ACCENT_COLOR_NAME = AccentColor;
				CODE_SIGN_STYLE = Automatic;
				DEVELOPMENT_TEAM = 5TH8C5XY6D;
				INFOPLIST_FILE = OCRProject/Info.plist;
				IPHONEOS_DEPLOYMENT_TARGET = 13.0;
				LD_RUNPATH_SEARCH_PATHS = (
					"$(inherited)",
					"@executable_path/Frameworks",
				);
				PRODUCT_BUNDLE_IDENTIFIER = com.havucapps.finalProject;
				PRODUCT_NAME = "$(TARGET_NAME)";
				SWIFT_VERSION = 5.0;
				TARGETED_DEVICE_FAMILY = 1;
			};
			name = Debug;
		};
		4842598D2563487C00E29E64 /* Release */ = {
			isa = XCBuildConfiguration;
			baseConfigurationReference = DAC4B60744C07D710C926DD7 /* Pods-OCRProject.release.xcconfig */;
			buildSettings = {
				ASSETCATALOG_COMPILER_APPICON_NAME = AppIcon;
				ASSETCATALOG_COMPILER_GLOBAL_ACCENT_COLOR_NAME = AccentColor;
				CODE_SIGN_STYLE = Automatic;
				DEVELOPMENT_TEAM = 5TH8C5XY6D;
				INFOPLIST_FILE = OCRProject/Info.plist;
				IPHONEOS_DEPLOYMENT_TARGET = 13.0;
				LD_RUNPATH_SEARCH_PATHS = (
					"$(inherited)",
					"@executable_path/Frameworks",
				);
				PRODUCT_BUNDLE_IDENTIFIER = com.havucapps.finalProject;
				PRODUCT_NAME = "$(TARGET_NAME)";
				SWIFT_VERSION = 5.0;
				TARGETED_DEVICE_FAMILY = 1;
			};
			name = Release;
		};
/* End XCBuildConfiguration section */

/* Begin XCConfigurationList section */
		484259722563487C00E29E64 /* Build configuration list for PBXProject "OCRProject" */ = {
			isa = XCConfigurationList;
			buildConfigurations = (
				484259892563487C00E29E64 /* Debug */,
				4842598A2563487C00E29E64 /* Release */,
			);
			defaultConfigurationIsVisible = 0;
			defaultConfigurationName = Release;
		};
		4842598B2563487C00E29E64 /* Build configuration list for PBXNativeTarget "OCRProject" */ = {
			isa = XCConfigurationList;
			buildConfigurations = (
				4842598C2563487C00E29E64 /* Debug */,
				4842598D2563487C00E29E64 /* Release */,
			);
			defaultConfigurationIsVisible = 0;
			defaultConfigurationName = Release;
		};
/* End XCConfigurationList section */
	};
	rootObject = 4842596F2563487C00E29E64 /* Project object */;
}
